
Microsoft Visual Studio Solution File, Format Version 12.00
# Visual Studio 15
VisualStudioVersion = 15.0.27428.2037
MinimumVisualStudioVersion = 10.0.40219.1
Project("{FAE04EC0-301F-11D3-BF4B-00C04F79EFBC}") = "MvcAppMain", "MvcAppMain\MvcAppMain.csproj", "{7B3727C2-2E3A-4991-AB3E-87C36875ED72}"
EndProject
Global
	GlobalSection(SolutionConfigurationPlatforms) = preSolution
		Debug|Any CPU = Debug|Any CPU
		Release|Any CPU = Release|Any CPU
	EndGlobalSection
	GlobalSection(ProjectConfigurationPlatforms) = postSolution
		{7B3727C2-2E3A-4991-AB3E-87C36875ED72}.Debug|Any CPU.ActiveCfg = Debug|Any CPU
		{7B3727C2-2E3A-4991-AB3E-87C36875ED72}.Debug|Any CPU.Build.0 = Debug|Any CPU
		{7B3727C2-2E3A-4991-AB3E-87C36875ED72}.Release|Any CPU.ActiveCfg = Release|Any CPU
		{7B3727C2-2E3A-4991-AB3E-87C36875ED72}.Release|Any CPU.Build.0 = Release|Any CPU
	EndGlobalSection
	GlobalSection(SolutionProperties) = preSolution
		HideSolutionNode = FALSE
	EndGlobalSection
	GlobalSection(ExtensibilityGlobals) = postSolution
		SolutionGuid = {39ADDCE9-5FBE-4FDA-B418-6477D87F88DF}
	EndGlobalSection
EndGlobal
